
Microsoft Visual Studio Solution File, Format Version 12.00
# Visual Studio Version 16
VisualStudioVersion = 16.0.29728.190
MinimumVisualStudioVersion = 10.0.40219.1
Project("{FAE04EC0-301F-11D3-BF4B-00C04F79EFBC}") = "SilenceCutter", "SilenceCutter\SilenceCutter.csproj", "{AB1AAE68-6990-438B-948F-425018C1A954}"
EndProject
Global
	GlobalSection(SolutionConfigurationPlatforms) = preSolution
		Debug|Any CPU = Debug|Any CPU
		Release|Any CPU = Release|Any CPU
	EndGlobalSection
	GlobalSection(ProjectConfigurationPlatforms) = postSolution
		{AB1AAE68-6990-438B-948F-425018C1A954}.Debug|Any CPU.ActiveCfg = Debug|Any CPU
		{AB1AAE68-6990-438B-948F-425018C1A954}.Debug|Any CPU.Build.0 = Debug|Any CPU
		{AB1AAE68-6990-438B-948F-425018C1A954}.Release|Any CPU.ActiveCfg = Release|Any CPU
		{AB1AAE68-6990-438B-948F-425018C1A954}.Release|Any CPU.Build.0 = Release|Any CPU
	EndGlobalSection
	GlobalSection(SolutionProperties) = preSolution
		HideSolutionNode = FALSE
	EndGlobalSection
	GlobalSection(ExtensibilityGlobals) = postSolution
		SolutionGuid = {354B648C-3D4F-4610-8C0F-49324F967CE4}
	EndGlobalSection
EndGlobal
